<?xml version="1.0" encoding="utf-8"?>
<Project ToolsVersion="4.0" xmlns="http://schemas.microsoft.com/developer/msbuild/2003">
  <ItemGroup>
    <Filter Include="Source Files">
      <UniqueIdentifier>{4FC737F1-C7A5-4376-A066-2A32D752A2FF}</UniqueIdentifier>
      <Extensions>cpp;c;cc;cxx;def;odl;idl;hpj;bat;asm;asmx</Extensions>
    </Filter>
    <Filter Include="Header Files">
      <UniqueIdentifier>{93995380-89BD-4b04-88EB-625FBE52EBFB}</UniqueIdentifier>
      <Extensions>h;hh;hpp;hxx;hm;inl;inc;xsd</Extensions>
    </Filter>
    <Filter Include="Resource Files">
      <UniqueIdentifier>{D9D6E242-F8AF-46E4-B9FD-80ECBC20BA3E}</UniqueIdentifier>
      <Extensions>qrc;*</Extensions>
      <ParseFiles>false</ParseFiles>
    </Filter>
    <Filter Include="Form Files">
      <UniqueIdentifier>{99349809-55BA-4b9d-BF79-8FDBB0286EB3}</UniqueIdentifier>
      <Extensions>ui</Extensions>
    </Filter>
    <Filter Include="Resource Files">
      <UniqueIdentifier>{D9D6E242-F8AF-46E4-B9FD-80ECBC20BA3E}</UniqueIdentifier>
      <Extensions>qrc;*</Extensions>
      <ParseFiles>false</ParseFiles>
    </Filter>
    <Filter Include="Generated Files">
      <UniqueIdentifier>{71ED8ED8-ACB9-4CE9-BBE1-E00B30144E11}</UniqueIdentifier>
      <Extensions>moc;h;cpp</Extensions>
      <SourceControlFiles>False</SourceControlFiles>
    </Filter>
  </ItemGroup>
  <ItemGroup>
    <ClCompile Include="main.cpp">
      <Filter>Source Files</Filter>
    </ClCompile>
    <ClCompile Include="MyPhotoshop.cpp">
      <Filter>Source Files</Filter>
    </ClCompile>
    <ClCompile Include="QR_Codeclass.cpp">
      <Filter>Source Files</Filter>
    </ClCompile>
    <ClCompile Include="ScreenShotclass.cpp">
      <Filter>Source Files</Filter>
    </ClCompile>
    <ClCompile Include="Snow_Special_Effectsclass.cpp">
      <Filter>Source Files</Filter>
    </ClCompile>
    <ClCompile Include="Word_Processingclass.cpp">
      <Filter>Source Files</Filter>
    </ClCompile>
    <ClCompile Include="Sobel_Operatorclass.cpp">
      <Filter>Source Files</Filter>
    </ClCompile>
    <ClCompile Include="Laplacian_Operatorclass.cpp">
      <Filter>Source Files</Filter>
    </ClCompile>
    <ClCompile Include="Canny_EdgeDetectionclass.cpp">
      <Filter>Source Files</Filter>
    </ClCompile>
    <ClCompile Include="hough_Line_Transformationclass.cpp">
      <Filter>Source Files</Filter>
    </ClCompile>
    <ClCompile Include="hough_Circle_Transformationclass.cpp">
      <Filter>Source Files</Filter>
    </ClCompile>
    <ClCompile Include="finding_Image_Contourclass.cpp">
      <Filter>Source Files</Filter>
    </ClCompile>
    <ClCompile Include="Trademark_Watermarkclass.cpp">
      <Filter>Source Files</Filter>
    </ClCompile>
    <ClCompile Include="Image_Transformationclass.cpp">
      <Filter>Source Files</Filter>
    </ClCompile>
    <ClCompile Include="Lightness_Contrastclass.cpp">
      <Filter>Source Files</Filter>
    </ClCompile>
    <ClCompile Include="rain_Special_Effectsclass.cpp">
      <Filter>Source Files</Filter>
    </ClCompile>
    <ClCompile Include="Histogram_Equalizationclass.cpp">
      <Filter>Source Files</Filter>
    </ClCompile>
    <ClCompile Include="nostalgic_colar_class.cpp">
      <Filter>Source Files</Filter>
    </ClCompile>
    <ClCompile Include="comic_Strips_class.cpp">
      <Filter>Source Files</Filter>
    </ClCompile>
    <ClCompile Include="castingclass.cpp">
      <Filter>Source Files</Filter>
    </ClCompile>
    <ClCompile Include="frozenclass.cpp">
      <Filter>Source Files</Filter>
    </ClCompile>
    <ClCompile Include="featherclass.cpp">
      <Filter>Source Files</Filter>
    </ClCompile>
    <ClCompile Include="zhongzhi.cpp">
      <Filter>Source Files</Filter>
    </ClCompile>
    <ClCompile Include="diaoke.cpp">
      <Filter>Source Files</Filter>
    </ClCompile>
  </ItemGroup>
  <ItemGroup>
    <QtMoc Include="MyPhotoshop.h">
      <Filter>Header Files</Filter>
    </QtMoc>
    <QtMoc Include="QR_Codeclass.h">
      <Filter>Header Files</Filter>
    </QtMoc>
    <QtMoc Include="ScreenShotclass.h">
      <Filter>Header Files</Filter>
    </QtMoc>
    <QtMoc Include="Snow_Special_Effectsclass.h">
      <Filter>Header Files</Filter>
    </QtMoc>
    <QtMoc Include="Word_Processingclass.h">
      <Filter>Header Files</Filter>
    </QtMoc>
    <QtMoc Include="Sobel_Operatorclass.h">
      <Filter>Header Files</Filter>
    </QtMoc>
    <QtMoc Include="Laplacian_Operatorclass.h">
      <Filter>Header Files</Filter>
    </QtMoc>
    <QtMoc Include="Canny_EdgeDetectionclass.h">
      <Filter>Header Files</Filter>
    </QtMoc>
    <QtMoc Include="hough_Line_Transformationclass.h">
      <Filter>Header Files</Filter>
    </QtMoc>
    <QtMoc Include="hough_Circle_Transformationclass.h">
      <Filter>Header Files</Filter>
    </QtMoc>
    <QtMoc Include="finding_Image_Contourclass.h">
      <Filter>Header Files</Filter>
    </QtMoc>
    <QtMoc Include="Trademark_Watermarkclass.h">
      <Filter>Header Files</Filter>
    </QtMoc>
    <QtMoc Include="Image_Transformationclass.h">
      <Filter>Header Files</Filter>
    </QtMoc>
    <QtMoc Include="Lightness_Contrastclass.h">
      <Filter>Header Files</Filter>
    </QtMoc>
    <QtMoc Include="rain_Special_Effectsclass.h">
      <Filter>Header Files</Filter>
    </QtMoc>
    <QtMoc Include="Histogram_Equalizationclass.h">
      <Filter>Header Files</Filter>
    </QtMoc>
    <QtMoc Include="nostalgic_colar_class.h">
      <Filter>Header Files</Filter>
    </QtMoc>
    <QtMoc Include="comic_Strips_class.h">
      <Filter>Header Files</Filter>
    </QtMoc>
    <QtMoc Include="castingclass.h">
      <Filter>Header Files</Filter>
    </QtMoc>
    <QtMoc Include="frozenclass.h">
      <Filter>Header Files</Filter>
    </QtMoc>
    <QtMoc Include="featherclass.h">
      <Filter>Header Files</Filter>
    </QtMoc>
    <QtMoc Include="zhongzhi.h">
      <Filter>Header Files</Filter>
    </QtMoc>
    <QtMoc Include="diaoke.h">
      <Filter>Header Files</Filter>
    </QtMoc>
  </ItemGroup>
  <ItemGroup>
    <QtUic Include="MyPhotoshop.ui">
      <Filter>Form Files</Filter>
    </QtUic>
    <QtUic Include="QR_Codeclass.ui">
      <Filter>Form Files</Filter>
    </QtUic>
    <QtUic Include="ScreenShotclass.ui">
      <Filter>Form Files</Filter>
    </QtUic>
    <QtUic Include="Snow_Special_Effectsclass.ui">
      <Filter>Form Files</Filter>
    </QtUic>
    <QtUic Include="Word_Processingclass.ui">
      <Filter>Form Files</Filter>
    </QtUic>
    <QtUic Include="Sobel_Operatorclass.ui">
      <Filter>Form Files</Filter>
    </QtUic>
    <QtUic Include="Laplacian_Operatorclass.ui">
      <Filter>Form Files</Filter>
    </QtUic>
    <QtUic Include="Canny_EdgeDetectionclass.ui">
      <Filter>Form Files</Filter>
    </QtUic>
    <QtUic Include="hough_Line_Transformationclass.ui">
      <Filter>Form Files</Filter>
    </QtUic>
    <QtUic Include="hough_Circle_Transformationclass.ui">
      <Filter>Form Files</Filter>
    </QtUic>
    <QtUic Include="finding_Image_Contourclass.ui">
      <Filter>Form Files</Filter>
    </QtUic>
    <QtUic Include="Trademark_Watermarkclass.ui">
      <Filter>Form Files</Filter>
    </QtUic>
    <QtUic Include="Image_Transformationclass.ui">
      <Filter>Form Files</Filter>
    </QtUic>
    <QtUic Include="Lightness_Contrastclass.ui">
      <Filter>Form Files</Filter>
    </QtUic>
    <QtUic Include="rain_Special_Effectsclass.ui">
      <Filter>Form Files</Filter>
    </QtUic>
    <QtUic Include="Histogram_Equalizationclass.ui">
      <Filter>Form Files</Filter>
    </QtUic>
    <QtUic Include="nostalgic_colar_class.ui">
      <Filter>Form Files</Filter>
    </QtUic>
    <QtUic Include="comic_Strips_class.ui">
      <Filter>Form Files</Filter>
    </QtUic>
    <QtUic Include="castingclass.ui">
      <Filter>Form Files</Filter>
    </QtUic>
    <QtUic Include="frozenclass.ui">
      <Filter>Form Files</Filter>
    </QtUic>
    <QtUic Include="featherclass.ui">
      <Filter>Form Files</Filter>
    </QtUic>
    <QtUic Include="zhongzhi.ui">
      <Filter>Form Files</Filter>
    </QtUic>
    <QtUic Include="diaoke.ui">
      <Filter>Form Files</Filter>
    </QtUic>
  </ItemGroup>
  <ItemGroup>
    <QtRcc Include="MyPhotoshop.qrc">
      <Filter>Resource Files</Filter>
    </QtRcc>
  </ItemGroup>
</Project>